{
  "requires": true,
  "lockfileVersion": 1,
  "dependencies": {
    "jira2md": {
      "version": "2.0.3",
      "resolved": "https://registry.npmjs.org/jira2md/-/jira2md-2.0.3.tgz",
      "integrity": "sha512-DbtL03W+Np0nRIMEChBJmViZ+bNCofCTz562GPt4oPzCpWa5j8anR5vu5e/20DqW75Zz0JdJ06Tns3YSQpftiQ==",
      "requires": {
        "marked": "0.3.6"
      }
    },
    "marked": {
      "version": "0.3.6",
      "resolved": "https://registry.npmjs.org/marked/-/marked-0.3.6.tgz",
      "integrity": "sha1-ssbGGPzOzk74bE/Gy4p8v1rtqNc="
    }
  }
}
